
Microsoft Visual Studio Solution File, Format Version 12.00
# Visual Studio 15
VisualStudioVersion = 15.0.28010.2041
MinimumVisualStudioVersion = 10.0.40219.1
Project("{FAE04EC0-301F-11D3-BF4B-00C04F79EFBC}") = "LyricScraper", "LyricScraper\LyricScraper.csproj", "{C42F38FE-F34A-4099-906D-850887214A39}"
EndProject
Project("{9A19103F-16F7-4668-BE54-9A1E7A4F7556}") = "Common", "Common\Common.csproj", "{1BD2ACCB-5CF9-4F12-A21B-D11134290847}"
EndProject
Global
	GlobalSection(SolutionConfigurationPlatforms) = preSolution
		Debug|Any CPU = Debug|Any CPU
		Release|Any CPU = Release|Any CPU
	EndGlobalSection
	GlobalSection(ProjectConfigurationPlatforms) = postSolution
		{C42F38FE-F34A-4099-906D-850887214A39}.Debug|Any CPU.ActiveCfg = Debug|Any CPU
		{C42F38FE-F34A-4099-906D-850887214A39}.Debug|Any CPU.Build.0 = Debug|Any CPU
		{C42F38FE-F34A-4099-906D-850887214A39}.Release|Any CPU.ActiveCfg = Release|Any CPU
		{C42F38FE-F34A-4099-906D-850887214A39}.Release|Any CPU.Build.0 = Release|Any CPU
		{1BD2ACCB-5CF9-4F12-A21B-D11134290847}.Debug|Any CPU.ActiveCfg = Debug|Any CPU
		{1BD2ACCB-5CF9-4F12-A21B-D11134290847}.Debug|Any CPU.Build.0 = Debug|Any CPU
		{1BD2ACCB-5CF9-4F12-A21B-D11134290847}.Release|Any CPU.ActiveCfg = Release|Any CPU
		{1BD2ACCB-5CF9-4F12-A21B-D11134290847}.Release|Any CPU.Build.0 = Release|Any CPU
	EndGlobalSection
	GlobalSection(SolutionProperties) = preSolution
		HideSolutionNode = FALSE
	EndGlobalSection
	GlobalSection(ExtensibilityGlobals) = postSolution
		SolutionGuid = {B378306B-96AB-43D9-B5AC-01FC92E5C53C}
	EndGlobalSection
EndGlobal
